// !$*UTF8*$!
{
	archiveVersion = 1;
	classes = {
	};
	objectVersion = 50;
	objects = {

/* Begin PBXBuildFile section */
		F905972722F4BACB00329E71 /* DoubleExtensionTests.swift in Sources */ = {isa = PBXBuildFile; fileRef = F905972622F4BACB00329E71 /* DoubleExtensionTests.swift */; };
		F905972F22F4C00800329E71 /* Utility.swift in Sources */ = {isa = PBXBuildFile; fileRef = F9855F53219E39B200B81605 /* Utility.swift */; };
		F905973722F72A6D00329E71 /* CalculatorViewController.swift in Sources */ = {isa = PBXBuildFile; fileRef = F9505B1521574D87003E7E62 /* CalculatorViewController.swift */; };
		F905973922F7375B00329E71 /* BMICalculator.swift in Sources */ = {isa = PBXBuildFile; fileRef = F905973822F7375B00329E71 /* BMICalculator.swift */; };
		F916205A2311B2940006392A /* DisclaimerViewController.swift in Sources */ = {isa = PBXBuildFile; fileRef = F91620592311B2940006392A /* DisclaimerViewController.swift */; };
		F916205E231276A90006392A /* BackgroundView.swift in Sources */ = {isa = PBXBuildFile; fileRef = F916205D231276A90006392A /* BackgroundView.swift */; };
		F91F2A5222F8FF5100EB499B /* WeightPickerData.swift in Sources */ = {isa = PBXBuildFile; fileRef = F91F2A5122F8FF5100EB499B /* WeightPickerData.swift */; };
		F91F2A5422F9072100EB499B /* HeightPickerData.swift in Sources */ = {isa = PBXBuildFile; fileRef = F91F2A5322F9072100EB499B /* HeightPickerData.swift */; };
		F91F2A5622F90B6500EB499B /* BMI.swift in Sources */ = {isa = PBXBuildFile; fileRef = F91F2A5522F90B6500EB499B /* BMI.swift */; };
		F9505B1421574D87003E7E62 /* AppDelegate.swift in Sources */ = {isa = PBXBuildFile; fileRef = F9505B1321574D87003E7E62 /* AppDelegate.swift */; };
		F9505B1621574D87003E7E62 /* CalculatorViewController.swift in Sources */ = {isa = PBXBuildFile; fileRef = F9505B1521574D87003E7E62 /* CalculatorViewController.swift */; };
		F9505B1921574D87003E7E62 /* Main.storyboard in Resources */ = {isa = PBXBuildFile; fileRef = F9505B1721574D87003E7E62 /* Main.storyboard */; };
		F9505B1B21574D89003E7E62 /* Assets.xcassets in Resources */ = {isa = PBXBuildFile; fileRef = F9505B1A21574D89003E7E62 /* Assets.xcassets */; };
		F9505B1E21574D89003E7E62 /* LaunchScreen.storyboard in Resources */ = {isa = PBXBuildFile; fileRef = F9505B1C21574D89003E7E62 /* LaunchScreen.storyboard */; };
		F9855F52219CA33F00B81605 /* BodyMeasurement.swift in Sources */ = {isa = PBXBuildFile; fileRef = F9855F51219CA33F00B81605 /* BodyMeasurement.swift */; };
		F9855F54219E39B200B81605 /* Utility.swift in Sources */ = {isa = PBXBuildFile; fileRef = F9855F53219E39B200B81605 /* Utility.swift */; };
/* End PBXBuildFile section */

/* Begin PBXContainerItemProxy section */
		F905972922F4BACB00329E71 /* PBXContainerItemProxy */ = {
			isa = PBXContainerItemProxy;
			containerPortal = F9505B0821574D87003E7E62 /* Project object */;
			proxyType = 1;
			remoteGlobalIDString = F9505B0F21574D87003E7E62;
			remoteInfo = "BMI Calculator";
		};
/* End PBXContainerItemProxy section */

/* Begin PBXFileReference section */
		F905972422F4BACA00329E71 /* BMI CalculatorTests.xctest */ = {isa = PBXFileReference; explicitFileType = wrapper.cfbundle; includeInIndex = 0; path = "BMI CalculatorTests.xctest"; sourceTree = BUILT_PRODUCTS_DIR; };
		F905972622F4BACB00329E71 /* DoubleExtensionTests.swift */ = {isa = PBXFileReference; lastKnownFileType = sourcecode.swift; path = DoubleExtensionTests.swift; sourceTree = "<group>"; };
		F905972822F4BACB00329E71 /* Info.plist */ = {isa = PBXFileReference; lastKnownFileType = text.plist.xml; path = Info.plist; sourceTree = "<group>"; };
		F905973822F7375B00329E71 /* BMICalculator.swift */ = {isa = PBXFileReference; lastKnownFileType = sourcecode.swift; path = BMICalculator.swift; sourceTree = "<group>"; };
		F91620592311B2940006392A /* DisclaimerViewController.swift */ = {isa = PBXFileReference; lastKnownFileType = sourcecode.swift; path = DisclaimerViewController.swift; sourceTree = "<group>"; };
		F916205D231276A90006392A /* BackgroundView.swift */ = {isa = PBXFileReference; lastKnownFileType = sourcecode.swift; path = BackgroundView.swift; sourceTree = "<group>"; };
		F91F2A5122F8FF5100EB499B /* WeightPickerData.swift */ = {isa = PBXFileReference; lastKnownFileType = sourcecode.swift; path = WeightPickerData.swift; sourceTree = "<group>"; };
		F91F2A5322F9072100EB499B /* HeightPickerData.swift */ = {isa = PBXFileReference; lastKnownFileType = sourcecode.swift; path = HeightPickerData.swift; sourceTree = "<group>"; };
		F91F2A5522F90B6500EB499B /* BMI.swift */ = {isa = PBXFileReference; lastKnownFileType = sourcecode.swift; path = BMI.swift; sourceTree = "<group>"; };
		F9505B1021574D87003E7E62 /* BMI Calculator.app */ = {isa = PBXFileReference; explicitFileType = wrapper.application; includeInIndex = 0; path = "BMI Calculator.app"; sourceTree = BUILT_PRODUCTS_DIR; };
		F9505B1321574D87003E7E62 /* AppDelegate.swift */ = {isa = PBXFileReference; lastKnownFileType = sourcecode.swift; path = AppDelegate.swift; sourceTree = "<group>"; };
		F9505B1521574D87003E7E62 /* CalculatorViewController.swift */ = {isa = PBXFileReference; lastKnownFileType = sourcecode.swift; path = CalculatorViewController.swift; sourceTree = "<group>"; };
		F9505B1821574D87003E7E62 /* Base */ = {isa = PBXFileReference; lastKnownFileType = file.storyboard; name = Base; path = Base.lproj/Main.storyboard; sourceTree = "<group>"; };
		F9505B1A21574D89003E7E62 /* Assets.xcassets */ = {isa = PBXFileReference; lastKnownFileType = folder.assetcatalog; path = Assets.xcassets; sourceTree = "<group>"; };
		F9505B1D21574D89003E7E62 /* Base */ = {isa = PBXFileReference; lastKnownFileType = file.storyboard; name = Base; path = Base.lproj/LaunchScreen.storyboard; sourceTree = "<group>"; };
		F9505B1F21574D89003E7E62 /* Info.plist */ = {isa = PBXFileReference; lastKnownFileType = text.plist.xml; path = Info.plist; sourceTree = "<group>"; };
		F9855F51219CA33F00B81605 /* BodyMeasurement.swift */ = {isa = PBXFileReference; lastKnownFileType = sourcecode.swift; path = BodyMeasurement.swift; sourceTree = "<group>"; };
		F9855F53219E39B200B81605 /* Utility.swift */ = {isa = PBXFileReference; lastKnownFileType = sourcecode.swift; path = Utility.swift; sourceTree = "<group>"; };
/* End PBXFileReference section */

/* Begin PBXFrameworksBuildPhase section */
		F905972122F4BACA00329E71 /* Frameworks */ = {
			isa = PBXFrameworksBuildPhase;
			buildActionMask = 2147483647;
			files = (
			);
			runOnlyForDeploymentPostprocessing = 0;
		};
		F9505B0D21574D87003E7E62 /* Frameworks */ = {
			isa = PBXFrameworksBuildPhase;
			buildActionMask = 2147483647;
			files = (
			);
			runOnlyForDeploymentPostprocessing = 0;
		};
/* End PBXFrameworksBuildPhase section */

/* Begin PBXGroup section */
		F905972522F4BACB00329E71 /* BMI CalculatorTests */ = {
			isa = PBXGroup;
			children = (
				F905972622F4BACB00329E71 /* DoubleExtensionTests.swift */,
				F905972822F4BACB00329E71 /* Info.plist */,
			);
			path = "BMI CalculatorTests";
			sourceTree = "<group>";
		};
		F916205B2311C5CC0006392A /* View Controller */ = {
			isa = PBXGroup;
			children = (
				F9505B1521574D87003E7E62 /* CalculatorViewController.swift */,
				F91620592311B2940006392A /* DisclaimerViewController.swift */,
			);
			path = "View Controller";
			sourceTree = "<group>";
		};
		F916205C2311C5DC0006392A /* Picker Data */ = {
			isa = PBXGroup;
			children = (
				F91F2A5122F8FF5100EB499B /* WeightPickerData.swift */,
				F91F2A5322F9072100EB499B /* HeightPickerData.swift */,
			);
			path = "Picker Data";
			sourceTree = "<group>";
		};
		F9505B0721574D87003E7E62 = {
			isa = PBXGroup;
			children = (
				F9505B1221574D87003E7E62 /* BMI Calculator */,
				F905972522F4BACB00329E71 /* BMI CalculatorTests */,
				F9505B1121574D87003E7E62 /* Products */,
			);
			sourceTree = "<group>";
		};
		F9505B1121574D87003E7E62 /* Products */ = {
			isa = PBXGroup;
			children = (
				F9505B1021574D87003E7E62 /* BMI Calculator.app */,
				F905972422F4BACA00329E71 /* BMI CalculatorTests.xctest */,
			);
			name = Products;
			sourceTree = "<group>";
		};
		F9505B1221574D87003E7E62 /* BMI Calculator */ = {
			isa = PBXGroup;
			children = (
				F9855F51219CA33F00B81605 /* BodyMeasurement.swift */,
				F905973822F7375B00329E71 /* BMICalculator.swift */,
				F916205D231276A90006392A /* BackgroundView.swift */,
				F916205C2311C5DC0006392A /* Picker Data */,
				F9855F53219E39B200B81605 /* Utility.swift */,
				F916205B2311C5CC0006392A /* View Controller */,
				F91F2A5522F90B6500EB499B /* BMI.swift */,
				F9505B1721574D87003E7E62 /* Main.storyboard */,
				F9505B1321574D87003E7E62 /* AppDelegate.swift */,
				F9505B1A21574D89003E7E62 /* Assets.xcassets */,
				F9505B1C21574D89003E7E62 /* LaunchScreen.storyboard */,
				F9505B1F21574D89003E7E62 /* Info.plist */,
			);
			path = "BMI Calculator";
			sourceTree = "<group>";
		};
/* End PBXGroup section */

/* Begin PBXNativeTarget section */
		F905972322F4BACA00329E71 /* BMI CalculatorTests */ = {
			isa = PBXNativeTarget;
			buildConfigurationList = F905972D22F4BACB00329E71 /* Build configuration list for PBXNativeTarget "BMI CalculatorTests" */;
			buildPhases = (
				F905972022F4BACA00329E71 /* Sources */,
				F905972122F4BACA00329E71 /* Frameworks */,
				F905972222F4BACA00329E71 /* Resources */,
			);
			buildRules = (
			);
			dependencies = (
				F905972A22F4BACB00329E71 /* PBXTargetDependency */,
			);
			name = "BMI CalculatorTests";
			productName = "BMI CalculatorTests";
			productReference = F905972422F4BACA00329E71 /* BMI CalculatorTests.xctest */;
			productType = "com.apple.product-type.bundle.unit-test";
		};
		F9505B0F21574D87003E7E62 /* BMI Calculator */ = {
			isa = PBXNativeTarget;
			buildConfigurationList = F9505B2221574D89003E7E62 /* Build configuration list for PBXNativeTarget "BMI Calculator" */;
			buildPhases = (
				F9505B0C21574D87003E7E62 /* Sources */,
				F9505B0D21574D87003E7E62 /* Frameworks */,
				F9505B0E21574D87003E7E62 /* Resources */,
			);
			buildRules = (
			);
			dependencies = (
			);
			name = "BMI Calculator";
			productName = "BMI Calculator";
			productReference = F9505B1021574D87003E7E62 /* BMI Calculator.app */;
			productType = "com.apple.product-type.application";
		};
/* End PBXNativeTarget section */

/* Begin PBXProject section */
		F9505B0821574D87003E7E62 /* Project object */ = {
			isa = PBXProject;
			attributes = {
				LastSwiftUpdateCheck = 1030;
				LastUpgradeCheck = 1000;
				ORGANIZATIONNAME = "Peter Wu";
				TargetAttributes = {
					F905972322F4BACA00329E71 = {
						CreatedOnToolsVersion = 10.3;
						TestTargetID = F9505B0F21574D87003E7E62;
					};
					F9505B0F21574D87003E7E62 = {
						CreatedOnToolsVersion = 10.0;
						LastSwiftMigration = 1020;
					};
				};
			};
			buildConfigurationList = F9505B0B21574D87003E7E62 /* Build configuration list for PBXProject "BMI Calculator" */;
			compatibilityVersion = "Xcode 9.3";
			developmentRegion = en;
			hasScannedForEncodings = 0;
			knownRegions = (
				en,
				Base,
			);
			mainGroup = F9505B0721574D87003E7E62;
			productRefGroup = F9505B1121574D87003E7E62 /* Products */;
			projectDirPath = "";
			projectRoot = "";
			targets = (
				F9505B0F21574D87003E7E62 /* BMI Calculator */,
				F905972322F4BACA00329E71 /* BMI CalculatorTests */,
			);
		};
/* End PBXProject section */

/* Begin PBXResourcesBuildPhase section */
		F905972222F4BACA00329E71 /* Resources */ = {
			isa = PBXResourcesBuildPhase;
			buildActionMask = 2147483647;
			files = (
			);
			runOnlyForDeploymentPostprocessing = 0;
		};
		F9505B0E21574D87003E7E62 /* Resources */ = {
			isa = PBXResourcesBuildPhase;
			buildActionMask = 2147483647;
			files = (
				F9505B1E21574D89003E7E62 /* LaunchScreen.storyboard in Resources */,
				F9505B1B21574D89003E7E62 /* Assets.xcassets in Resources */,
				F9505B1921574D87003E7E62 /* Main.storyboard in Resources */,
			);
			runOnlyForDeploymentPostprocessing = 0;
		};
/* End PBXResourcesBuildPhase section */

/* Begin PBXSourcesBuildPhase section */
		F905972022F4BACA00329E71 /* Sources */ = {
			isa = PBXSourcesBuildPhase;
			buildActionMask = 2147483647;
			files = (
				F905972F22F4C00800329E71 /* Utility.swift in Sources */,
				F905972722F4BACB00329E71 /* DoubleExtensionTests.swift in Sources */,
				F905973722F72A6D00329E71 /* CalculatorViewController.swift in Sources */,
			);
			runOnlyForDeploymentPostprocessing = 0;
		};
		F9505B0C21574D87003E7E62 /* Sources */ = {
			isa = PBXSourcesBuildPhase;
			buildActionMask = 2147483647;
			files = (
				F916205E231276A90006392A /* BackgroundView.swift in Sources */,
				F9855F54219E39B200B81605 /* Utility.swift in Sources */,
				F9855F52219CA33F00B81605 /* BodyMeasurement.swift in Sources */,
				F916205A2311B2940006392A /* DisclaimerViewController.swift in Sources */,
				F91F2A5422F9072100EB499B /* HeightPickerData.swift in Sources */,
				F905973922F7375B00329E71 /* BMICalculator.swift in Sources */,
				F91F2A5622F90B6500EB499B /* BMI.swift in Sources */,
				F9505B1621574D87003E7E62 /* CalculatorViewController.swift in Sources */,
				F9505B1421574D87003E7E62 /* AppDelegate.swift in Sources */,
				F91F2A5222F8FF5100EB499B /* WeightPickerData.swift in Sources */,
			);
			runOnlyForDeploymentPostprocessing = 0;
		};
/* End PBXSourcesBuildPhase section */

/* Begin PBXTargetDependency section */
		F905972A22F4BACB00329E71 /* PBXTargetDependency */ = {
			isa = PBXTargetDependency;
			target = F9505B0F21574D87003E7E62 /* BMI Calculator */;
			targetProxy = F905972922F4BACB00329E71 /* PBXContainerItemProxy */;
		};
/* End PBXTargetDependency section */

/* Begin PBXVariantGroup section */
		F9505B1721574D87003E7E62 /* Main.storyboard */ = {
			isa = PBXVariantGroup;
			children = (
				F9505B1821574D87003E7E62 /* Base */,
			);
			name = Main.storyboard;
			sourceTree = "<group>";
		};
		F9505B1C21574D89003E7E62 /* LaunchScreen.storyboard */ = {
			isa = PBXVariantGroup;
			children = (
				F9505B1D21574D89003E7E62 /* Base */,
			);
			name = LaunchScreen.storyboard;
			sourceTree = "<group>";
		};
/* End PBXVariantGroup section */

/* Begin XCBuildConfiguration section */
		F905972B22F4BACB00329E71 /* Debug */ = {
			isa = XCBuildConfiguration;
			buildSettings = {
				BUNDLE_LOADER = "$(TEST_HOST)";
				CODE_SIGN_STYLE = Automatic;
				DEVELOPMENT_TEAM = GG58NB3258;
				INFOPLIST_FILE = "BMI CalculatorTests/Info.plist";
				IPHONEOS_DEPLOYMENT_TARGET = 12.4;
				LD_RUNPATH_SEARCH_PATHS = (
					"$(inherited)",
					"@executable_path/Frameworks",
					"@loader_path/Frameworks",
				);
				PRODUCT_BUNDLE_IDENTIFIER = "com.Zero.BMI-CalculatorTests";
				PRODUCT_NAME = "$(TARGET_NAME)";
				SWIFT_VERSION = 5.0;
				TARGETED_DEVICE_FAMILY = "1,2";
				TEST_HOST = "$(BUILT_PRODUCTS_DIR)/BMI Calculator.app/BMI Calculator";
			};
			name = Debug;
		};
		F905972C22F4BACB00329E71 /* Release */ = {
			isa = XCBuildConfiguration;
			buildSettings = {
				BUNDLE_LOADER = "$(TEST_HOST)";
				CODE_SIGN_STYLE = Automatic;
				DEVELOPMENT_TEAM = GG58NB3258;
				INFOPLIST_FILE = "BMI CalculatorTests/Info.plist";
				IPHONEOS_DEPLOYMENT_TARGET = 12.4;
				LD_RUNPATH_SEARCH_PATHS = (
					"$(inherited)",
					"@executable_path/Frameworks",
					"@loader_path/Frameworks",
				);
				PRODUCT_BUNDLE_IDENTIFIER = "com.Zero.BMI-CalculatorTests";
				PRODUCT_NAME = "$(TARGET_NAME)";
				SWIFT_VERSION = 5.0;
				TARGETED_DEVICE_FAMILY = "1,2";
				TEST_HOST = "$(BUILT_PRODUCTS_DIR)/BMI Calculator.app/BMI Calculator";
			};
			name = Release;
		};
		F9505B2021574D89003E7E62 /* Debug */ = {
			isa = XCBuildConfiguration;
			buildSettings = {
				ALWAYS_SEARCH_USER_PATHS = NO;
				CLANG_ANALYZER_NONNULL = YES;
				CLANG_ANALYZER_NUMBER_OBJECT_CONVERSION = YES_AGGRESSIVE;
				CLANG_CXX_LANGUAGE_STANDARD = "gnu++14";
				CLANG_CXX_LIBRARY = "libc++";
				CLANG_ENABLE_MODULES = YES;
				CLANG_ENABLE_OBJC_ARC = YES;
				CLANG_ENABLE_OBJC_WEAK = YES;
				CLANG_WARN_BLOCK_CAPTURE_AUTORELEASING = YES;
				CLANG_WARN_BOOL_CONVERSION = YES;
				CLANG_WARN_COMMA = YES;
				CLANG_WARN_CONSTANT_CONVERSION = YES;
				CLANG_WARN_DEPRECATED_OBJC_IMPLEMENTATIONS = YES;
				CLANG_WARN_DIRECT_OBJC_ISA_USAGE = YES_ERROR;
				CLANG_WARN_DOCUMENTATION_COMMENTS = YES;
				CLANG_WARN_EMPTY_BODY = YES;
				CLANG_WARN_ENUM_CONVERSION = YES;
				CLANG_WARN_INFINITE_RECURSION = YES;
				CLANG_WARN_INT_CONVERSION = YES;
				CLANG_WARN_NON_LITERAL_NULL_CONVERSION = YES;
				CLANG_WARN_OBJC_IMPLICIT_RETAIN_SELF = YES;
				CLANG_WARN_OBJC_LITERAL_CONVERSION = YES;
				CLANG_WARN_OBJC_ROOT_CLASS = YES_ERROR;
				CLANG_WARN_RANGE_LOOP_ANALYSIS = YES;
				CLANG_WARN_STRICT_PROTOTYPES = YES;
				CLANG_WARN_SUSPICIOUS_MOVE = YES;
				CLANG_WARN_UNGUARDED_AVAILABILITY = YES_AGGRESSIVE;
				CLANG_WARN_UNREACHABLE_CODE = YES;
				CLANG_WARN__DUPLICATE_METHOD_MATCH = YES;
				CODE_SIGN_IDENTITY = "iPhone Developer";
				COPY_PHASE_STRIP = NO;
				DEBUG_INFORMATION_FORMAT = dwarf;
				ENABLE_STRICT_OBJC_MSGSEND = YES;
				ENABLE_TESTABILITY = YES;
				GCC_C_LANGUAGE_STANDARD = gnu11;
				GCC_DYNAMIC_NO_PIC = NO;
				GCC_NO_COMMON_BLOCKS = YES;
				GCC_OPTIMIZATION_LEVEL = 0;
				GCC_PREPROCESSOR_DEFINITIONS = (
					"DEBUG=1",
					"$(inherited)",
				);
				GCC_WARN_64_TO_32_BIT_CONVERSION = YES;
				GCC_WARN_ABOUT_RETURN_TYPE = YES_ERROR;
				GCC_WARN_UNDECLARED_SELECTOR = YES;
				GCC_WARN_UNINITIALIZED_AUTOS = YES_AGGRESSIVE;
				GCC_WARN_UNUSED_FUNCTION = YES;
				GCC_WARN_UNUSED_VARIABLE = YES;
				IPHONEOS_DEPLOYMENT_TARGET = 12.0;
				MTL_ENABLE_DEBUG_INFO = INCLUDE_SOURCE;
				MTL_FAST_MATH = YES;
				ONLY_ACTIVE_ARCH = YES;
				SDKROOT = iphoneos;
				SWIFT_ACTIVE_COMPILATION_CONDITIONS = DEBUG;
				SWIFT_OPTIMIZATION_LEVEL = "-Onone";
			};
			name = Debug;
		};
		F9505B2121574D89003E7E62 /* Release */ = {
			isa = XCBuildConfiguration;
			buildSettings = {
				ALWAYS_SEARCH_USER_PATHS = NO;
				CLANG_ANALYZER_NONNULL = YES;
				CLANG_ANALYZER_NUMBER_OBJECT_CONVERSION = YES_AGGRESSIVE;
				CLANG_CXX_LANGUAGE_STANDARD = "gnu++14";
				CLANG_CXX_LIBRARY = "libc++";
				CLANG_ENABLE_MODULES = YES;
				CLANG_ENABLE_OBJC_ARC = YES;
				CLANG_ENABLE_OBJC_WEAK = YES;
				CLANG_WARN_BLOCK_CAPTURE_AUTORELEASING = YES;
				CLANG_WARN_BOOL_CONVERSION = YES;
				CLANG_WARN_COMMA = YES;
				CLANG_WARN_CONSTANT_CONVERSION = YES;
				CLANG_WARN_DEPRECATED_OBJC_IMPLEMENTATIONS = YES;
				CLANG_WARN_DIRECT_OBJC_ISA_USAGE = YES_ERROR;
				CLANG_WARN_DOCUMENTATION_COMMENTS = YES;
				CLANG_WARN_EMPTY_BODY = YES;
				CLANG_WARN_ENUM_CONVERSION = YES;
				CLANG_WARN_INFINITE_RECURSION = YES;
				CLANG_WARN_INT_CONVERSION = YES;
				CLANG_WARN_NON_LITERAL_NULL_CONVERSION = YES;
				CLANG_WARN_OBJC_IMPLICIT_RETAIN_SELF = YES;
				CLANG_WARN_OBJC_LITERAL_CONVERSION = YES;
				CLANG_WARN_OBJC_ROOT_CLASS = YES_ERROR;
				CLANG_WARN_RANGE_LOOP_ANALYSIS = YES;
				CLANG_WARN_STRICT_PROTOTYPES = YES;
				CLANG_WARN_SUSPICIOUS_MOVE = YES;
				CLANG_WARN_UNGUARDED_AVAILABILITY = YES_AGGRESSIVE;
				CLANG_WARN_UNREACHABLE_CODE = YES;
				CLANG_WARN__DUPLICATE_METHOD_MATCH = YES;
				CODE_SIGN_IDENTITY = "iPhone Developer";
				COPY_PHASE_STRIP = NO;
				DEBUG_INFORMATION_FORMAT = "dwarf-with-dsym";
				ENABLE_NS_ASSERTIONS = NO;
				ENABLE_STRICT_OBJC_MSGSEND = YES;
				GCC_C_LANGUAGE_STANDARD = gnu11;
				GCC_NO_COMMON_BLOCKS = YES;
				GCC_WARN_64_TO_32_BIT_CONVERSION = YES;
				GCC_WARN_ABOUT_RETURN_TYPE = YES_ERROR;
				GCC_WARN_UNDECLARED_SELECTOR = YES;
				GCC_WARN_UNINITIALIZED_AUTOS = YES_AGGRESSIVE;
				GCC_WARN_UNUSED_FUNCTION = YES;
				GCC_WARN_UNUSED_VARIABLE = YES;
				IPHONEOS_DEPLOYMENT_TARGET = 12.0;
				MTL_ENABLE_DEBUG_INFO = NO;
				MTL_FAST_MATH = YES;
				SDKROOT = iphoneos;
				SWIFT_COMPILATION_MODE = wholemodule;
				SWIFT_OPTIMIZATION_LEVEL = "-O";
				VALIDATE_PRODUCT = YES;
			};
			name = Release;
		};
		F9505B2321574D89003E7E62 /* Debug */ = {
			isa = XCBuildConfiguration;
			buildSettings = {
				ASSETCATALOG_COMPILER_APPICON_NAME = AppIcon;
				CODE_SIGN_STYLE = Automatic;
				DEVELOPMENT_TEAM = GG58NB3258;
				INFOPLIST_FILE = "BMI Calculator/Info.plist";
				LD_RUNPATH_SEARCH_PATHS = (
					"$(inherited)",
					"@executable_path/Frameworks",
				);
				PRODUCT_BUNDLE_IDENTIFIER = "com.zero.BMI-Calculator";
				PRODUCT_NAME = "$(TARGET_NAME)";
				SWIFT_VERSION = 5.0;
				TARGETED_DEVICE_FAMILY = "1,2";
			};
			name = Debug;
		};
		F9505B2421574D89003E7E62 /* Release */ = {
			isa = XCBuildConfiguration;
			buildSettings = {
				ASSETCATALOG_COMPILER_APPICON_NAME = AppIcon;
				CODE_SIGN_STYLE = Automatic;
				DEVELOPMENT_TEAM = GG58NB3258;
				INFOPLIST_FILE = "BMI Calculator/Info.plist";
				LD_RUNPATH_SEARCH_PATHS = (
					"$(inherited)",
					"@executable_path/Frameworks",
				);
				PRODUCT_BUNDLE_IDENTIFIER = "com.zero.BMI-Calculator";
				PRODUCT_NAME = "$(TARGET_NAME)";
				SWIFT_VERSION = 5.0;
				TARGETED_DEVICE_FAMILY = "1,2";
			};
			name = Release;
		};
/* End XCBuildConfiguration section */

/* Begin XCConfigurationList section */
		F905972D22F4BACB00329E71 /* Build configuration list for PBXNativeTarget "BMI CalculatorTests" */ = {
			isa = XCConfigurationList;
			buildConfigurations = (
				F905972B22F4BACB00329E71 /* Debug */,
				F905972C22F4BACB00329E71 /* Release */,
			);
			defaultConfigurationIsVisible = 0;
			defaultConfigurationName = Release;
		};
		F9505B0B21574D87003E7E62 /* Build configuration list for PBXProject "BMI Calculator" */ = {
			isa = XCConfigurationList;
			buildConfigurations = (
				F9505B2021574D89003E7E62 /* Debug */,
				F9505B2121574D89003E7E62 /* Release */,
			);
			defaultConfigurationIsVisible = 0;
			defaultConfigurationName = Release;
		};
		F9505B2221574D89003E7E62 /* Build configuration list for PBXNativeTarget "BMI Calculator" */ = {
			isa = XCConfigurationList;
			buildConfigurations = (
				F9505B2321574D89003E7E62 /* Debug */,
				F9505B2421574D89003E7E62 /* Release */,
			);
			defaultConfigurationIsVisible = 0;
			defaultConfigurationName = Release;
		};
/* End XCConfigurationList section */
	};
	rootObject = F9505B0821574D87003E7E62 /* Project object */;
}
